
Microsoft Visual Studio Solution File, Format Version 12.00
# Visual Studio 14
VisualStudioVersion = 14.0.25420.1
MinimumVisualStudioVersion = 10.0.40219.1
Project("{E24C65DC-7377-472B-9ABA-BC803B73C61A}") = "DEMO_PROJECT", "E:\DEMO_PROJECT\", "{BBE128D0-918E-4732-AE2A-87C970AB87B2}"
	ProjectSection(WebsiteProperties) = preProject
		TargetFrameworkMoniker = ".NETFramework,Version%3Dv4.5.2"
		Debug.AspNetCompiler.VirtualPath = "/localhost_61973"
		Debug.AspNetCompiler.PhysicalPath = "E:\DEMO_PROJECT\"
		Debug.AspNetCompiler.TargetPath = "PrecompiledWeb\localhost_61973\"
		Debug.AspNetCompiler.Updateable = "true"
		Debug.AspNetCompiler.ForceOverwrite = "true"
		Debug.AspNetCompiler.FixedNames = "false"
		Debug.AspNetCompiler.Debug = "True"
		Release.AspNetCompiler.VirtualPath = "/localhost_61973"
		Release.AspNetCompiler.PhysicalPath = "E:\DEMO_PROJECT\"
		Release.AspNetCompiler.TargetPath = "PrecompiledWeb\localhost_61973\"
		Release.AspNetCompiler.Updateable = "true"
		Release.AspNetCompiler.ForceOverwrite = "true"
		Release.AspNetCompiler.FixedNames = "false"
		Release.AspNetCompiler.Debug = "False"
		VWDPort = "61973"
		SlnRelativePath = "E:\DEMO_PROJECT\"
		DefaultWebSiteLanguage = "Visual C#"
	EndProjectSection
EndProject
Global
	GlobalSection(SolutionConfigurationPlatforms) = preSolution
		Debug|Any CPU = Debug|Any CPU
	EndGlobalSection
	GlobalSection(ProjectConfigurationPlatforms) = postSolution
		{BBE128D0-918E-4732-AE2A-87C970AB87B2}.Debug|Any CPU.ActiveCfg = Debug|Any CPU
		{BBE128D0-918E-4732-AE2A-87C970AB87B2}.Debug|Any CPU.Build.0 = Debug|Any CPU
	EndGlobalSection
	GlobalSection(SolutionProperties) = preSolution
		HideSolutionNode = FALSE
	EndGlobalSection
EndGlobal
